
Microsoft Visual Studio Solution File, Format Version 12.00
# Visual Studio Version 17
VisualStudioVersion = 17.7.34018.315
MinimumVisualStudioVersion = 10.0.40219.1
Project("{FAE04EC0-301F-11D3-BF4B-00C04F79EFBC}") = "MathQuizTimer", "MathQuizTimer.csproj", "{8872AE92-FF4C-4013-90E2-2B06D1570881}"
EndProject
Global
	GlobalSection(SolutionConfigurationPlatforms) = preSolution
		Debug|Any CPU = Debug|Any CPU
		Release|Any CPU = Release|Any CPU
	EndGlobalSection
	GlobalSection(ProjectConfigurationPlatforms) = postSolution
		{8872AE92-FF4C-4013-90E2-2B06D1570881}.Debug|Any CPU.ActiveCfg = Debug|Any CPU
		{8872AE92-FF4C-4013-90E2-2B06D1570881}.Debug|Any CPU.Build.0 = Debug|Any CPU
		{8872AE92-FF4C-4013-90E2-2B06D1570881}.Release|Any CPU.ActiveCfg = Release|Any CPU
		{8872AE92-FF4C-4013-90E2-2B06D1570881}.Release|Any CPU.Build.0 = Release|Any CPU
	EndGlobalSection
	GlobalSection(SolutionProperties) = preSolution
		HideSolutionNode = FALSE
	EndGlobalSection
	GlobalSection(ExtensibilityGlobals) = postSolution
		SolutionGuid = {D4DD7135-6643-4200-AEA5-C947D5BB8BE7}
	EndGlobalSection
EndGlobal
