
Microsoft Visual Studio Solution File, Format Version 12.00
# Visual Studio Version 17
VisualStudioVersion = 17.8.34309.116
MinimumVisualStudioVersion = 10.0.40219.1
Project("{FAE04EC0-301F-11D3-BF4B-00C04F79EFBC}") = "FinalExam-Q6", "FinalExam-Q6.csproj", "{B92B016C-A986-4ED1-8200-8712D5CD902D}"
EndProject
Global
	GlobalSection(SolutionConfigurationPlatforms) = preSolution
		Debug|Any CPU = Debug|Any CPU
		Release|Any CPU = Release|Any CPU
	EndGlobalSection
	GlobalSection(ProjectConfigurationPlatforms) = postSolution
		{B92B016C-A986-4ED1-8200-8712D5CD902D}.Debug|Any CPU.ActiveCfg = Debug|Any CPU
		{B92B016C-A986-4ED1-8200-8712D5CD902D}.Debug|Any CPU.Build.0 = Debug|Any CPU
		{B92B016C-A986-4ED1-8200-8712D5CD902D}.Release|Any CPU.ActiveCfg = Release|Any CPU
		{B92B016C-A986-4ED1-8200-8712D5CD902D}.Release|Any CPU.Build.0 = Release|Any CPU
	EndGlobalSection
	GlobalSection(SolutionProperties) = preSolution
		HideSolutionNode = FALSE
	EndGlobalSection
	GlobalSection(ExtensibilityGlobals) = postSolution
		SolutionGuid = {3BA0A413-4A97-47E1-AC76-30AFDF0D4C42}
	EndGlobalSection
EndGlobal
