
Microsoft Visual Studio Solution File, Format Version 12.00
# Visual Studio Version 17
VisualStudioVersion = 17.7.34018.315
MinimumVisualStudioVersion = 10.0.40219.1
Project("{FAE04EC0-301F-11D3-BF4B-00C04F79EFBC}") = "UnitTest2Q3", "UnitTest2Q3.csproj", "{5F89640B-E039-4C37-A543-63B092705C44}"
EndProject
Global
	GlobalSection(SolutionConfigurationPlatforms) = preSolution
		Debug|Any CPU = Debug|Any CPU
		Release|Any CPU = Release|Any CPU
	EndGlobalSection
	GlobalSection(ProjectConfigurationPlatforms) = postSolution
		{5F89640B-E039-4C37-A543-63B092705C44}.Debug|Any CPU.ActiveCfg = Debug|Any CPU
		{5F89640B-E039-4C37-A543-63B092705C44}.Debug|Any CPU.Build.0 = Debug|Any CPU
		{5F89640B-E039-4C37-A543-63B092705C44}.Release|Any CPU.ActiveCfg = Release|Any CPU
		{5F89640B-E039-4C37-A543-63B092705C44}.Release|Any CPU.Build.0 = Release|Any CPU
	EndGlobalSection
	GlobalSection(SolutionProperties) = preSolution
		HideSolutionNode = FALSE
	EndGlobalSection
	GlobalSection(ExtensibilityGlobals) = postSolution
		SolutionGuid = {242839B3-290B-45F2-9D9B-B1F6DA864DAE}
	EndGlobalSection
EndGlobal
