
Microsoft Visual Studio Solution File, Format Version 12.00
# Visual Studio Version 17
VisualStudioVersion = 17.8.34309.116
MinimumVisualStudioVersion = 10.0.40219.1
Project("{FAE04EC0-301F-11D3-BF4B-00C04F79EFBC}") = "PE20Dom", "PE20Dom.csproj", "{8D39B70A-8ADB-45D0-8606-211ED2753C7A}"
EndProject
Global
	GlobalSection(SolutionConfigurationPlatforms) = preSolution
		Debug|Any CPU = Debug|Any CPU
		Release|Any CPU = Release|Any CPU
	EndGlobalSection
	GlobalSection(ProjectConfigurationPlatforms) = postSolution
		{8D39B70A-8ADB-45D0-8606-211ED2753C7A}.Debug|Any CPU.ActiveCfg = Debug|Any CPU
		{8D39B70A-8ADB-45D0-8606-211ED2753C7A}.Debug|Any CPU.Build.0 = Debug|Any CPU
		{8D39B70A-8ADB-45D0-8606-211ED2753C7A}.Release|Any CPU.ActiveCfg = Release|Any CPU
		{8D39B70A-8ADB-45D0-8606-211ED2753C7A}.Release|Any CPU.Build.0 = Release|Any CPU
	EndGlobalSection
	GlobalSection(SolutionProperties) = preSolution
		HideSolutionNode = FALSE
	EndGlobalSection
	GlobalSection(ExtensibilityGlobals) = postSolution
		SolutionGuid = {94841730-7286-465C-BA1E-749CF26FD363}
	EndGlobalSection
EndGlobal
