
Microsoft Visual Studio Solution File, Format Version 12.00
# Visual Studio Version 17
VisualStudioVersion = 17.7.34018.315
MinimumVisualStudioVersion = 10.0.40219.1
Project("{FAE04EC0-301F-11D3-BF4B-00C04F79EFBC}") = "CourseLib", "CourseLib.csproj", "{A23146D6-E733-4C60-BACB-5CB014DD0A19}"
EndProject
Global
	GlobalSection(SolutionConfigurationPlatforms) = preSolution
		Debug|Any CPU = Debug|Any CPU
		Release|Any CPU = Release|Any CPU
	EndGlobalSection
	GlobalSection(ProjectConfigurationPlatforms) = postSolution
		{A23146D6-E733-4C60-BACB-5CB014DD0A19}.Debug|Any CPU.ActiveCfg = Debug|Any CPU
		{A23146D6-E733-4C60-BACB-5CB014DD0A19}.Debug|Any CPU.Build.0 = Debug|Any CPU
		{A23146D6-E733-4C60-BACB-5CB014DD0A19}.Release|Any CPU.ActiveCfg = Release|Any CPU
		{A23146D6-E733-4C60-BACB-5CB014DD0A19}.Release|Any CPU.Build.0 = Release|Any CPU
	EndGlobalSection
	GlobalSection(SolutionProperties) = preSolution
		HideSolutionNode = FALSE
	EndGlobalSection
	GlobalSection(ExtensibilityGlobals) = postSolution
		SolutionGuid = {FD579C8D-1DAA-4557-916D-1E5094366CFF}
	EndGlobalSection
EndGlobal
