
Microsoft Visual Studio Solution File, Format Version 12.00
# Visual Studio Version 17
VisualStudioVersion = 17.7.34018.315
MinimumVisualStudioVersion = 10.0.40219.1
Project("{FAE04EC0-301F-11D3-BF4B-00C04F79EFBC}") = "MadLibs", "MadLibs.csproj", "{A7B658B3-547A-4288-B372-9D41050AD461}"
EndProject
Global
	GlobalSection(SolutionConfigurationPlatforms) = preSolution
		Debug|Any CPU = Debug|Any CPU
		Release|Any CPU = Release|Any CPU
	EndGlobalSection
	GlobalSection(ProjectConfigurationPlatforms) = postSolution
		{A7B658B3-547A-4288-B372-9D41050AD461}.Debug|Any CPU.ActiveCfg = Debug|Any CPU
		{A7B658B3-547A-4288-B372-9D41050AD461}.Debug|Any CPU.Build.0 = Debug|Any CPU
		{A7B658B3-547A-4288-B372-9D41050AD461}.Release|Any CPU.ActiveCfg = Release|Any CPU
		{A7B658B3-547A-4288-B372-9D41050AD461}.Release|Any CPU.Build.0 = Release|Any CPU
	EndGlobalSection
	GlobalSection(SolutionProperties) = preSolution
		HideSolutionNode = FALSE
	EndGlobalSection
	GlobalSection(ExtensibilityGlobals) = postSolution
		SolutionGuid = {419F0922-4C0E-4BBA-BC55-3D24891AEB4D}
	EndGlobalSection
EndGlobal
