
Microsoft Visual Studio Solution File, Format Version 12.00
# Visual Studio Version 17
VisualStudioVersion = 17.7.34018.315
MinimumVisualStudioVersion = 10.0.40219.1
Project("{FAE04EC0-301F-11D3-BF4B-00C04F79EFBC}") = "GifFinder", "GifFinder.csproj", "{894D2A58-64E3-4276-BF52-CE556E496241}"
EndProject
Global
	GlobalSection(SolutionConfigurationPlatforms) = preSolution
		Debug|Any CPU = Debug|Any CPU
		Release|Any CPU = Release|Any CPU
	EndGlobalSection
	GlobalSection(ProjectConfigurationPlatforms) = postSolution
		{894D2A58-64E3-4276-BF52-CE556E496241}.Debug|Any CPU.ActiveCfg = Debug|Any CPU
		{894D2A58-64E3-4276-BF52-CE556E496241}.Debug|Any CPU.Build.0 = Debug|Any CPU
		{894D2A58-64E3-4276-BF52-CE556E496241}.Release|Any CPU.ActiveCfg = Release|Any CPU
		{894D2A58-64E3-4276-BF52-CE556E496241}.Release|Any CPU.Build.0 = Release|Any CPU
	EndGlobalSection
	GlobalSection(SolutionProperties) = preSolution
		HideSolutionNode = FALSE
	EndGlobalSection
	GlobalSection(ExtensibilityGlobals) = postSolution
		SolutionGuid = {9B6F7809-CA97-4A73-8E58-335DB831181A}
	EndGlobalSection
EndGlobal
