
Microsoft Visual Studio Solution File, Format Version 12.00
# Visual Studio Version 17
VisualStudioVersion = 17.7.34018.315
MinimumVisualStudioVersion = 10.0.40219.1
Project("{FAE04EC0-301F-11D3-BF4B-00C04F79EFBC}") = "MyFirstWindowsFormsApp", "MyFirstWindowsFormsApp.csproj", "{0BA5DF4A-40FB-4590-92F4-4CA24FD76E04}"
EndProject
Global
	GlobalSection(SolutionConfigurationPlatforms) = preSolution
		Debug|Any CPU = Debug|Any CPU
		Release|Any CPU = Release|Any CPU
	EndGlobalSection
	GlobalSection(ProjectConfigurationPlatforms) = postSolution
		{0BA5DF4A-40FB-4590-92F4-4CA24FD76E04}.Debug|Any CPU.ActiveCfg = Debug|Any CPU
		{0BA5DF4A-40FB-4590-92F4-4CA24FD76E04}.Debug|Any CPU.Build.0 = Debug|Any CPU
		{0BA5DF4A-40FB-4590-92F4-4CA24FD76E04}.Release|Any CPU.ActiveCfg = Release|Any CPU
		{0BA5DF4A-40FB-4590-92F4-4CA24FD76E04}.Release|Any CPU.Build.0 = Release|Any CPU
	EndGlobalSection
	GlobalSection(SolutionProperties) = preSolution
		HideSolutionNode = FALSE
	EndGlobalSection
	GlobalSection(ExtensibilityGlobals) = postSolution
		SolutionGuid = {DBE08C94-C79D-40EC-9C46-3E5C2937B81D}
	EndGlobalSection
EndGlobal
