
Microsoft Visual Studio Solution File, Format Version 12.00
# Visual Studio Version 17
VisualStudioVersion = 17.7.34018.315
MinimumVisualStudioVersion = 10.0.40219.1
Project("{FAE04EC0-301F-11D3-BF4B-00C04F79EFBC}") = "Dyscord", "Dyscord.csproj", "{8D9F99D2-3965-4F2E-8B40-3BACFDA11523}"
EndProject
Global
	GlobalSection(SolutionConfigurationPlatforms) = preSolution
		Debug|Any CPU = Debug|Any CPU
		Release|Any CPU = Release|Any CPU
	EndGlobalSection
	GlobalSection(ProjectConfigurationPlatforms) = postSolution
		{8D9F99D2-3965-4F2E-8B40-3BACFDA11523}.Debug|Any CPU.ActiveCfg = Debug|Any CPU
		{8D9F99D2-3965-4F2E-8B40-3BACFDA11523}.Debug|Any CPU.Build.0 = Debug|Any CPU
		{8D9F99D2-3965-4F2E-8B40-3BACFDA11523}.Release|Any CPU.ActiveCfg = Release|Any CPU
		{8D9F99D2-3965-4F2E-8B40-3BACFDA11523}.Release|Any CPU.Build.0 = Release|Any CPU
	EndGlobalSection
	GlobalSection(SolutionProperties) = preSolution
		HideSolutionNode = FALSE
	EndGlobalSection
	GlobalSection(ExtensibilityGlobals) = postSolution
		SolutionGuid = {A671E166-4034-4612-885D-63DDF697B7AA}
	EndGlobalSection
EndGlobal
