
Microsoft Visual Studio Solution File, Format Version 12.00
# Visual Studio Version 17
VisualStudioVersion = 17.7.34018.315
MinimumVisualStudioVersion = 10.0.40219.1
Project("{FAE04EC0-301F-11D3-BF4B-00C04F79EFBC}") = "PeopleApp", "PeopleApp.csproj", "{DA31FEBE-07AB-4222-8925-16C22EEDCBC8}"
	ProjectSection(ProjectDependencies) = postProject
		{9E182CA2-C4E0-449D-BAD4-09EB1577515A} = {9E182CA2-C4E0-449D-BAD4-09EB1577515A}
		{A23146D6-E733-4C60-BACB-5CB014DD0A19} = {A23146D6-E733-4C60-BACB-5CB014DD0A19}
	EndProjectSection
EndProject
Project("{FAE04EC0-301F-11D3-BF4B-00C04F79EFBC}") = "PeopleLib", "..\PeopleLib\PeopleLib.csproj", "{9E182CA2-C4E0-449D-BAD4-09EB1577515A}"
EndProject
Project("{FAE04EC0-301F-11D3-BF4B-00C04F79EFBC}") = "CourseLib", "..\CourseLib\CourseLib.csproj", "{A23146D6-E733-4C60-BACB-5CB014DD0A19}"
EndProject
Global
	GlobalSection(SolutionConfigurationPlatforms) = preSolution
		Debug|Any CPU = Debug|Any CPU
		Release|Any CPU = Release|Any CPU
	EndGlobalSection
	GlobalSection(ProjectConfigurationPlatforms) = postSolution
		{DA31FEBE-07AB-4222-8925-16C22EEDCBC8}.Debug|Any CPU.ActiveCfg = Debug|Any CPU
		{DA31FEBE-07AB-4222-8925-16C22EEDCBC8}.Debug|Any CPU.Build.0 = Debug|Any CPU
		{DA31FEBE-07AB-4222-8925-16C22EEDCBC8}.Release|Any CPU.ActiveCfg = Release|Any CPU
		{DA31FEBE-07AB-4222-8925-16C22EEDCBC8}.Release|Any CPU.Build.0 = Release|Any CPU
		{9E182CA2-C4E0-449D-BAD4-09EB1577515A}.Debug|Any CPU.ActiveCfg = Debug|Any CPU
		{9E182CA2-C4E0-449D-BAD4-09EB1577515A}.Debug|Any CPU.Build.0 = Debug|Any CPU
		{9E182CA2-C4E0-449D-BAD4-09EB1577515A}.Release|Any CPU.ActiveCfg = Release|Any CPU
		{9E182CA2-C4E0-449D-BAD4-09EB1577515A}.Release|Any CPU.Build.0 = Release|Any CPU
		{A23146D6-E733-4C60-BACB-5CB014DD0A19}.Debug|Any CPU.ActiveCfg = Debug|Any CPU
		{A23146D6-E733-4C60-BACB-5CB014DD0A19}.Debug|Any CPU.Build.0 = Debug|Any CPU
		{A23146D6-E733-4C60-BACB-5CB014DD0A19}.Release|Any CPU.ActiveCfg = Release|Any CPU
		{A23146D6-E733-4C60-BACB-5CB014DD0A19}.Release|Any CPU.Build.0 = Release|Any CPU
	EndGlobalSection
	GlobalSection(SolutionProperties) = preSolution
		HideSolutionNode = FALSE
	EndGlobalSection
	GlobalSection(ExtensibilityGlobals) = postSolution
		SolutionGuid = {E98D9550-E408-447A-B844-5D0598E92964}
	EndGlobalSection
EndGlobal
